dependencies:
- name: gateway-api
  repository: file://../gateway-api
  version: v1.6.2
- name: gateway-api-inference-extension
  repository: file://../gateway-api-inference-extension
  version: v1.6.1
- name: agentgateway-crds
  repository: oci://cr.agentgateway.dev/charts
  version: v1.5.0
digest: sha256:d7b70dc56df6721f776346ae72e361f01da7d88f6401c56cfaea62553a7f8eb2
generated: "2026-09-24T20:48:52.863258+02:00"
