dependencies:
- name: gateway-api
  repository: file://../gateway-api
  version: v1.6.2
- name: gateway-api-inference-extension
  repository: file://../gateway-api-inference-extension
  version: v1.6.2
- name: agentgateway-crds
  repository: oci://cr.agentgateway.dev/charts
  version: v1.6.0
digest: sha256:737e62b0fa57d73badc2b0b8750f2eecac62dc302481e29e70de643d875017f8
generated: "2026-10-06T10:22:52.880406324Z"
