dependencies:
- name: gateway-api
  repository: file://../gateway-api
  version: v1.6.2
- name: gateway-api-inference-extension
  repository: file://../gateway-api-inference-extension
  version: v1.6.2
- name: agentgateway-crds
  repository: oci://cr.agentgateway.dev/charts
  version: v1.5.0
digest: sha256:863671a249d896be20784ac3bde6ac56b2d9634995e951100ec98f16fd98ba7d
generated: "2026-09-25T10:39:10.123036+02:00"
