dependencies:
- name: node-feature-discovery
  repository: oci://registry.k8s.io/nfd/charts
  version: 0.18.3
- name: gpu-operator
  repository: https://helm.ngc.nvidia.com/nvidia
  version: v26.3.2
- name: kube-prometheus-stack
  repository: oci://ghcr.io/prometheus-community/charts
  version: 87.0.0
- name: agentgateway-crds
  repository: oci://cr.agentgateway.dev/charts
  version: v1.3.0
- name: agentgateway
  repository: oci://cr.agentgateway.dev/charts
  version: v2.2.1
digest: sha256:b46f1b185ac61d1f69a8559299c6b6587566a01a7d1f834be513fac3a47e2e57
generated: "2026-06-22T13:41:37.04418515Z"
