dependencies:
- name: agentgateway
  repository: oci://cr.agentgateway.dev/charts
  version: v1.6.0
- name: open-webui
  repository: oci://ghcr.io/open-webui/helm-charts
  version: 16.6.0
digest: sha256:5306fa61c91b6984a9e2bc4145f1e571a613d89407d6fc1775bbc284a8ef207f
generated: "2026-10-09T12:02:08.847608824Z"
