dependencies:
- name: gateway-api
  repository: file://../gateway-api
  version: v1.6.2
- name: gateway-api-inference-extension
  repository: file://../gateway-api-inference-extension
  version: v1.6.2
- name: agentgateway-crds
  repository: oci://cr.agentgateway.dev/charts
  version: v1.5.0
- name: agentgateway
  repository: oci://cr.agentgateway.dev/charts
  version: v1.5.0
- name: open-webui
  repository: oci://ghcr.io/open-webui/helm-charts
  version: 16.6.0
digest: sha256:129f4d6308012378e2c2adef7de28dff21442b2ed667ec5434698d6bb5419334
generated: "2026-10-09T11:32:11.58115+02:00"
